
Microsoft Visual Studio Solution File, Format Version 12.00
# Visual Studio Version 17
VisualStudioVersion = 17.9.34622.214
MinimumVisualStudioVersion = 10.0.40219.1
Project("{9A19103F-16F7-4668-BE54-9A1E7A4F7556}") = "ProvaEclipseworks", "prova-eclipseworks\ProvaEclipseworks.csproj", "{75F6905C-761F-49AE-94A9-BD97B8830BD1}"
EndProject
Project("{E53339B2-1760-4266-BCC7-CA923CBCF16C}") = "docker-compose", "docker-compose.dcproj", "{3A1C76A9-439B-4765-BCA9-250026AC68A2}"
EndProject
Project("{FAE04EC0-301F-11D3-BF4B-00C04F79EFBC}") = "TesteUnitarioEclipseworks", "TesteUnitarioEclipseworks\TesteUnitarioEclipseworks.csproj", "{391EEAC0-C90E-47C5-BAF8-61FFDFDA62E2}"
EndProject
Global
	GlobalSection(SolutionConfigurationPlatforms) = preSolution
		Debug|Any CPU = Debug|Any CPU
		Release|Any CPU = Release|Any CPU
	EndGlobalSection
	GlobalSection(ProjectConfigurationPlatforms) = postSolution
		{75F6905C-761F-49AE-94A9-BD97B8830BD1}.Debug|Any CPU.ActiveCfg = Debug|Any CPU
		{75F6905C-761F-49AE-94A9-BD97B8830BD1}.Debug|Any CPU.Build.0 = Debug|Any CPU
		{75F6905C-761F-49AE-94A9-BD97B8830BD1}.Release|Any CPU.ActiveCfg = Release|Any CPU
		{75F6905C-761F-49AE-94A9-BD97B8830BD1}.Release|Any CPU.Build.0 = Release|Any CPU
		{3A1C76A9-439B-4765-BCA9-250026AC68A2}.Debug|Any CPU.ActiveCfg = Debug|Any CPU
		{3A1C76A9-439B-4765-BCA9-250026AC68A2}.Debug|Any CPU.Build.0 = Debug|Any CPU
		{3A1C76A9-439B-4765-BCA9-250026AC68A2}.Release|Any CPU.ActiveCfg = Release|Any CPU
		{3A1C76A9-439B-4765-BCA9-250026AC68A2}.Release|Any CPU.Build.0 = Release|Any CPU
		{391EEAC0-C90E-47C5-BAF8-61FFDFDA62E2}.Debug|Any CPU.ActiveCfg = Debug|Any CPU
		{391EEAC0-C90E-47C5-BAF8-61FFDFDA62E2}.Debug|Any CPU.Build.0 = Debug|Any CPU
		{391EEAC0-C90E-47C5-BAF8-61FFDFDA62E2}.Release|Any CPU.ActiveCfg = Release|Any CPU
		{391EEAC0-C90E-47C5-BAF8-61FFDFDA62E2}.Release|Any CPU.Build.0 = Release|Any CPU
	EndGlobalSection
	GlobalSection(SolutionProperties) = preSolution
		HideSolutionNode = FALSE
	EndGlobalSection
	GlobalSection(ExtensibilityGlobals) = postSolution
		SolutionGuid = {6459635F-E4CA-477A-969A-59F25DA509CE}
	EndGlobalSection
EndGlobal
