
Microsoft Visual Studio Solution File, Format Version 12.00
# Visual Studio Version 17
VisualStudioVersion = 17.5.002.0
MinimumVisualStudioVersion = 10.0.40219.1
Project("{9A19103F-16F7-4668-BE54-9A1E7A4F7556}") = "prova-eclipseworks", "prova-eclipseworks.csproj", "{C96665E2-B5AD-45F8-9C2C-CA1A7E5D1A2C}"
EndProject
Global
	GlobalSection(SolutionConfigurationPlatforms) = preSolution
		Debug|Any CPU = Debug|Any CPU
		Release|Any CPU = Release|Any CPU
	EndGlobalSection
	GlobalSection(ProjectConfigurationPlatforms) = postSolution
		{C96665E2-B5AD-45F8-9C2C-CA1A7E5D1A2C}.Debug|Any CPU.ActiveCfg = Debug|Any CPU
		{C96665E2-B5AD-45F8-9C2C-CA1A7E5D1A2C}.Debug|Any CPU.Build.0 = Debug|Any CPU
		{C96665E2-B5AD-45F8-9C2C-CA1A7E5D1A2C}.Release|Any CPU.ActiveCfg = Release|Any CPU
		{C96665E2-B5AD-45F8-9C2C-CA1A7E5D1A2C}.Release|Any CPU.Build.0 = Release|Any CPU
	EndGlobalSection
	GlobalSection(SolutionProperties) = preSolution
		HideSolutionNode = FALSE
	EndGlobalSection
	GlobalSection(ExtensibilityGlobals) = postSolution
		SolutionGuid = {56281BC7-2B7E-4C46-B502-611B4110DC26}
	EndGlobalSection
EndGlobal
